
Microsoft Visual Studio Solution File, Format Version 12.00
# Visual Studio 15
VisualStudioVersion = 15.0.28307.902
MinimumVisualStudioVersion = 10.0.40219.1
Project("{FAE04EC0-301F-11D3-BF4B-00C04F79EFBC}") = "YouPlay", "YouPlay\YouPlay.csproj", "{73A6D9A0-312C-4896-ADAE-3041D149C9EB}"
EndProject
Global
	GlobalSection(SolutionConfigurationPlatforms) = preSolution
		Debug|Any CPU = Debug|Any CPU
		Release|Any CPU = Release|Any CPU
	EndGlobalSection
	GlobalSection(ProjectConfigurationPlatforms) = postSolution
		{73A6D9A0-312C-4896-ADAE-3041D149C9EB}.Debug|Any CPU.ActiveCfg = Debug|Any CPU
		{73A6D9A0-312C-4896-ADAE-3041D149C9EB}.Debug|Any CPU.Build.0 = Debug|Any CPU
		{73A6D9A0-312C-4896-ADAE-3041D149C9EB}.Release|Any CPU.ActiveCfg = Release|Any CPU
		{73A6D9A0-312C-4896-ADAE-3041D149C9EB}.Release|Any CPU.Build.0 = Release|Any CPU
	EndGlobalSection
	GlobalSection(SolutionProperties) = preSolution
		HideSolutionNode = FALSE
	EndGlobalSection
	GlobalSection(ExtensibilityGlobals) = postSolution
		SolutionGuid = {A07EECBD-579C-4012-ACEA-BEAD61E3A310}
	EndGlobalSection
EndGlobal
